
Microsoft Visual Studio Solution File, Format Version 11.00
# Visual Studio 2010
Project("{FAE04EC0-301F-11D3-BF4B-00C04F79EFBC}") = "SESA2019", "UniRx.csproj", "{4A8EAF3A-98C9-654D-0974-EB3BBB4AC7BC}"
EndProject
Project("{FAE04EC0-301F-11D3-BF4B-00C04F79EFBC}") = "SESA2019", "Assembly-CSharp.csproj", "{79B5C997-84B2-3DA6-07FB-596EB340E878}"
EndProject
Project("{FAE04EC0-301F-11D3-BF4B-00C04F79EFBC}") = "SESA2019", "UniRx.Async.csproj", "{050CDF41-70EF-F397-1EDA-10FAE1C99D9C}"
EndProject
Project("{FAE04EC0-301F-11D3-BF4B-00C04F79EFBC}") = "SESA2019", "UniRx.Examples.csproj", "{56D5A898-87EF-BF3E-549D-64AF10D9DC4A}"
EndProject
Project("{FAE04EC0-301F-11D3-BF4B-00C04F79EFBC}") = "SESA2019", "Assembly-CSharp-Editor.csproj", "{4F5B7948-688F-0931-B72A-B12BCED063C6}"
EndProject
Project("{FAE04EC0-301F-11D3-BF4B-00C04F79EFBC}") = "SESA2019", "UniRx.Async.Editor.csproj", "{DBD41E58-4794-667A-9312-313AF43E804D}"
EndProject
Global
	GlobalSection(SolutionConfigurationPlatforms) = preSolution
		Debug|Any CPU = Debug|Any CPU
		Release|Any CPU = Release|Any CPU
	EndGlobalSection
	GlobalSection(ProjectConfigurationPlatforms) = postSolution
		{4A8EAF3A-98C9-654D-0974-EB3BBB4AC7BC}.Debug|Any CPU.ActiveCfg = Debug|Any CPU
		{4A8EAF3A-98C9-654D-0974-EB3BBB4AC7BC}.Debug|Any CPU.Build.0 = Debug|Any CPU
		{4A8EAF3A-98C9-654D-0974-EB3BBB4AC7BC}.Release|Any CPU.ActiveCfg = Release|Any CPU
		{4A8EAF3A-98C9-654D-0974-EB3BBB4AC7BC}.Release|Any CPU.Build.0 = Release|Any CPU
		{79B5C997-84B2-3DA6-07FB-596EB340E878}.Debug|Any CPU.ActiveCfg = Debug|Any CPU
		{79B5C997-84B2-3DA6-07FB-596EB340E878}.Debug|Any CPU.Build.0 = Debug|Any CPU
		{79B5C997-84B2-3DA6-07FB-596EB340E878}.Release|Any CPU.ActiveCfg = Release|Any CPU
		{79B5C997-84B2-3DA6-07FB-596EB340E878}.Release|Any CPU.Build.0 = Release|Any CPU
		{050CDF41-70EF-F397-1EDA-10FAE1C99D9C}.Debug|Any CPU.ActiveCfg = Debug|Any CPU
		{050CDF41-70EF-F397-1EDA-10FAE1C99D9C}.Debug|Any CPU.Build.0 = Debug|Any CPU
		{050CDF41-70EF-F397-1EDA-10FAE1C99D9C}.Release|Any CPU.ActiveCfg = Release|Any CPU
		{050CDF41-70EF-F397-1EDA-10FAE1C99D9C}.Release|Any CPU.Build.0 = Release|Any CPU
		{56D5A898-87EF-BF3E-549D-64AF10D9DC4A}.Debug|Any CPU.ActiveCfg = Debug|Any CPU
		{56D5A898-87EF-BF3E-549D-64AF10D9DC4A}.Debug|Any CPU.Build.0 = Debug|Any CPU
		{56D5A898-87EF-BF3E-549D-64AF10D9DC4A}.Release|Any CPU.ActiveCfg = Release|Any CPU
		{56D5A898-87EF-BF3E-549D-64AF10D9DC4A}.Release|Any CPU.Build.0 = Release|Any CPU
		{4F5B7948-688F-0931-B72A-B12BCED063C6}.Debug|Any CPU.ActiveCfg = Debug|Any CPU
		{4F5B7948-688F-0931-B72A-B12BCED063C6}.Debug|Any CPU.Build.0 = Debug|Any CPU
		{4F5B7948-688F-0931-B72A-B12BCED063C6}.Release|Any CPU.ActiveCfg = Release|Any CPU
		{4F5B7948-688F-0931-B72A-B12BCED063C6}.Release|Any CPU.Build.0 = Release|Any CPU
		{DBD41E58-4794-667A-9312-313AF43E804D}.Debug|Any CPU.ActiveCfg = Debug|Any CPU
		{DBD41E58-4794-667A-9312-313AF43E804D}.Debug|Any CPU.Build.0 = Debug|Any CPU
		{DBD41E58-4794-667A-9312-313AF43E804D}.Release|Any CPU.ActiveCfg = Release|Any CPU
		{DBD41E58-4794-667A-9312-313AF43E804D}.Release|Any CPU.Build.0 = Release|Any CPU
	EndGlobalSection
	GlobalSection(SolutionProperties) = preSolution
		HideSolutionNode = FALSE
	EndGlobalSection
	GlobalSection(MonoDevelopProperties) = preSolution
		StartupItem = Assembly-CSharp.csproj
	EndGlobalSection
EndGlobal
